<?xml version="1.0" encoding="utf-8"?>
<Project ToolsVersion="4.0" xmlns="http://schemas.microsoft.com/developer/msbuild/2003">
<ItemGroup>
	<Filter Include="src\Pins">
	  <UniqueIdentifier>{2896077E-16A8-3EAE-B5C4-159DC4FA2436}</UniqueIdentifier>
	</Filter>
	<Filter Include="src\WebUI">
	  <UniqueIdentifier>{76D241B7-03F7-3DD3-9834-4EFF878918F6}</UniqueIdentifier>
	</Filter>
	<Filter Include="src\Configuration">
	  <UniqueIdentifier>{EED825A4-B73C-33F5-96D4-769C2A167F8C}</UniqueIdentifier>
	</Filter>
	<Filter Include="src\Spindles">
	  <UniqueIdentifier>{2D9E09B1-7C61-3463-9CF9-D57FA109EF03}</UniqueIdentifier>
	</Filter>
	<Filter Include="src\StackTrace">
	  <UniqueIdentifier>{4FE640FC-EB59-3010-9873-80157C13991B}</UniqueIdentifier>
	</Filter>
	<Filter Include="src">
	  <UniqueIdentifier>{FDE5A3A1-4E92-3B7B-BA93-74C1C89D4E58}</UniqueIdentifier>
	</Filter>
	<Filter Include="src\PinUsers">
	  <UniqueIdentifier>{245249FF-C286-3813-BCCF-413895DB9135}</UniqueIdentifier>
	</Filter>
	<Filter Include="src\Machine">
	  <UniqueIdentifier>{57EA2BFF-20B3-353C-8D6A-52862855F6A7}</UniqueIdentifier>
	</Filter>
	<Filter Include="src\Motors">
	  <UniqueIdentifier>{58B2381C-99DF-3035-A3F0-4AADBB709BE7}</UniqueIdentifier>
	</Filter>
</ItemGroup>
<ItemGroup>
	<ClInclude Include="Grbl_Esp32\src\Error.h">
	  <Filter>src</Filter>
	</ClInclude>
	<ClInclude Include="Grbl_Esp32\src\Spindles\Laser.h">
	  <Filter>src\Spindles</Filter>
	</ClInclude>
	<ClInclude Include="Grbl_Esp32\src\WebUI\WebServer.h">
	  <Filter>src\WebUI</Filter>
	</ClInclude>
	<ClInclude Include="Grbl_Esp32\src\Uart.h">
	  <Filter>src</Filter>
	</ClInclude>
	<ClInclude Include="Grbl_Esp32\src\Control.h">
	  <Filter>src</Filter>
	</ClInclude>
	<ClInclude Include="Grbl_Esp32\src\Spindles\HuanyangSpindle.h">
	  <Filter>src\Spindles</Filter>
	</ClInclude>
	<ClInclude Include="Grbl_Esp32\src\Machine\Homing.h">
	  <Filter>src\Machine</Filter>
	</ClInclude>
	<ClInclude Include="Grbl_Esp32\src\Machine\WifiAPConfig.h">
	  <Filter>src\Machine</Filter>
	</ClInclude>
	<ClInclude Include="Grbl_Esp32\src\Spindles\OnOffSpindle.h">
	  <Filter>src\Spindles</Filter>
	</ClInclude>
	<ClInclude Include="Grbl_Esp32\src\Probe.h">
	  <Filter>src</Filter>
	</ClInclude>
	<ClInclude Include="Grbl_Esp32\src\Configuration\Validator.h">
	  <Filter>src\Configuration</Filter>
	</ClInclude>
	<ClInclude Include="Grbl_Esp32\src\Config.h">
	  <Filter>src</Filter>
	</ClInclude>
	<ClInclude Include="Grbl_Esp32\src\Machine\SPIBus.h">
	  <Filter>src\Machine</Filter>
	</ClInclude>
	<ClInclude Include="Grbl_Esp32\src\Motors\RcServoSettings.h">
	  <Filter>src\Motors</Filter>
	</ClInclude>
	<ClInclude Include="Grbl_Esp32\src\Configuration\ParseException.h">
	  <Filter>src\Configuration</Filter>
	</ClInclude>
	<ClInclude Include="Grbl_Esp32\src\WebUI\ESPResponse.h">
	  <Filter>src\WebUI</Filter>
	</ClInclude>
	<ClInclude Include="Grbl_Esp32\src\Pins\DebugPinDetail.h">
	  <Filter>src\Pins</Filter>
	</ClInclude>
	<ClInclude Include="Grbl_Esp32\src\Spindles\DacSpindle.h">
	  <Filter>src\Spindles</Filter>
	</ClInclude>
	<ClInclude Include="Grbl_Esp32\src\ControlPin.h">
	  <Filter>src</Filter>
	</ClInclude>
	<ClInclude Include="Grbl_Esp32\src\Limits.h">
	  <Filter>src</Filter>
	</ClInclude>
	<ClInclude Include="Grbl_Esp32\src\Spindles\RelaySpindle.h">
	  <Filter>src\Spindles</Filter>
	</ClInclude>
	<ClInclude Include="Grbl_Esp32\src\Spindles\BESCSpindle.h">
	  <Filter>src\Spindles</Filter>
	</ClInclude>
	<ClInclude Include="Grbl_Esp32\src\Motors\UnipolarMotor.h">
	  <Filter>src\Motors</Filter>
	</ClInclude>
	<ClInclude Include="Grbl_Esp32\src\Configuration\Parser.h">
	  <Filter>src\Configuration</Filter>
	</ClInclude>
	<ClInclude Include="Grbl_Esp32\src\WebUI\NoFile.h">
	  <Filter>src\WebUI</Filter>
	</ClInclude>
	<ClInclude Include="Grbl_Esp32\src\Motors\StandardStepper.h">
	  <Filter>src\Motors</Filter>
	</ClInclude>
	<ClInclude Include="Grbl_Esp32\src\Configuration\RuntimeSetting.h">
	  <Filter>src\Configuration</Filter>
	</ClInclude>
	<ClInclude Include="Grbl_Esp32\src\EnumItem.h">
	  <Filter>src</Filter>
	</ClInclude>
	<ClInclude Include="Grbl_Esp32\src\Pins\I2SOPinDetail.h">
	  <Filter>src\Pins</Filter>
	</ClInclude>
	<ClInclude Include="Grbl_Esp32\src\Configuration\GenericFactory.h">
	  <Filter>src\Configuration</Filter>
	</ClInclude>
	<ClInclude Include="Grbl_Esp32\src\Stepper.h">
	  <Filter>src</Filter>
	</ClInclude>
	<ClInclude Include="Grbl_Esp32\src\Spindles\Spindle.h">
	  <Filter>src\Spindles</Filter>
	</ClInclude>
	<ClInclude Include="Grbl_Esp32\src\Pins\PinCapabilities.h">
	  <Filter>src\Pins</Filter>
	</ClInclude>
	<ClInclude Include="Grbl_Esp32\src\Configuration\AfterParse.h">
	  <Filter>src\Configuration</Filter>
	</ClInclude>
	<ClInclude Include="Grbl_Esp32\src\UartTypes.h">
	  <Filter>src</Filter>
	</ClInclude>
	<ClInclude Include="Grbl_Esp32\src\Machine\I2SOBus.h">
	  <Filter>src\Machine</Filter>
	</ClInclude>
	<ClInclude Include="Grbl_Esp32\src\UserOutput.h">
	  <Filter>src</Filter>
	</ClInclude>
	<ClInclude Include="Grbl_Esp32\src\Platform.h">
	  <Filter>src</Filter>
	</ClInclude>
	<ClInclude Include="Grbl_Esp32\src\WebUI\TelnetServer.h">
	  <Filter>src\WebUI</Filter>
	</ClInclude>
	<ClInclude Include="Grbl_Esp32\src\Motors\MotorDriver.h">
	  <Filter>src\Motors</Filter>
	</ClInclude>
	<ClInclude Include="Grbl_Esp32\src\CPUMap.h">
	  <Filter>src</Filter>
	</ClInclude>
	<ClInclude Include="Grbl_Esp32\src\Motors\Dynamixel2.h">
	  <Filter>src\Motors</Filter>
	</ClInclude>
	<ClInclude Include="Grbl_Esp32\src\Pins\GPIOPinDetail.h">
	  <Filter>src\Pins</Filter>
	</ClInclude>
	<ClInclude Include="Grbl_Esp32\src\Settings.h">
	  <Filter>src</Filter>
	</ClInclude>
	<ClInclude Include="Grbl_Esp32\src\Machine\Macros.h">
	  <Filter>src\Machine</Filter>
	</ClInclude>
	<ClInclude Include="Grbl_Esp32\src\WebUI\WebSettings.h">
	  <Filter>src\WebUI</Filter>
	</ClInclude>
	<ClInclude Include="Grbl_Esp32\src\WebUI\Commands.h">
	  <Filter>src\WebUI</Filter>
	</ClInclude>
	<ClInclude Include="Grbl_Esp32\src\SettingsDefinitions.h">
	  <Filter>src</Filter>
	</ClInclude>
	<ClInclude Include="Grbl_Esp32\src\NutsBolts.h">
	  <Filter>src</Filter>
	</ClInclude>
	<ClInclude Include="Grbl_Esp32\src\Types.h">
	  <Filter>src</Filter>
	</ClInclude>
	<ClInclude Include="Grbl_Esp32\src\StackTrace\AssertionFailed.h">
	  <Filter>src\StackTrace</Filter>
	</ClInclude>
	<ClInclude Include="Grbl_Esp32\src\Protocol.h">
	  <Filter>src</Filter>
	</ClInclude>
	<ClInclude Include="Grbl_Esp32\src\Stepping.h">
	  <Filter>src</Filter>
	</ClInclude>
	<ClInclude Include="Grbl_Esp32\src\Machine\MachineConfig.h">
	  <Filter>src\Machine</Filter>
	</ClInclude>
	<ClInclude Include="Grbl_Esp32\src\Pins\PinAttributes.h">
	  <Filter>src\Pins</Filter>
	</ClInclude>
	<ClInclude Include="Grbl_Esp32\src\Motors\NullMotor.h">
	  <Filter>src\Motors</Filter>
	</ClInclude>
	<ClInclude Include="Grbl_Esp32\src\System.h">
	  <Filter>src</Filter>
	</ClInclude>
	<ClInclude Include="Grbl_Esp32\src\Machine\Axis.h">
	  <Filter>src\Machine</Filter>
	</ClInclude>
	<ClInclude Include="Grbl_Esp32\src\Jog.h">
	  <Filter>src</Filter>
	</ClInclude>
	<ClInclude Include="Grbl_Esp32\src\Machine\WifiSTAConfig.h">
	  <Filter>src\Machine</Filter>
	</ClInclude>
	<ClInclude Include="Grbl_Esp32\src\PinUsers\PwmPin.h">
	  <Filter>src\PinUsers</Filter>
	</ClInclude>
	<ClInclude Include="Grbl_Esp32\src\Pins\PinDetail.h">
	  <Filter>src\Pins</Filter>
	</ClInclude>
	<ClInclude Include="Grbl_Esp32\src\WebUI\WifiServices.h">
	  <Filter>src\WebUI</Filter>
	</ClInclude>
	<ClInclude Include="Grbl_Esp32\src\Assert.h">
	  <Filter>src</Filter>
	</ClInclude>
	<ClInclude Include="Grbl_Esp32\src\Configuration\ParserHandler.h">
	  <Filter>src\Configuration</Filter>
	</ClInclude>
	<ClInclude Include="Grbl_Esp32\src\Main.h">
	  <Filter>src</Filter>
	</ClInclude>
	<ClInclude Include="Grbl_Esp32\src\Machine\UserOutputs.h">
	  <Filter>src\Machine</Filter>
	</ClInclude>
	<ClInclude Include="Grbl_Esp32\src\WebUI\WifiConfig.h">
	  <Filter>src\WebUI</Filter>
	</ClInclude>
	<ClInclude Include="Grbl_Esp32\src\Serial.h">
	  <Filter>src</Filter>
	</ClInclude>
	<ClInclude Include="Grbl_Esp32\src\WebUI\JSONEncoder.h">
	  <Filter>src\WebUI</Filter>
	</ClInclude>
	<ClInclude Include="Grbl_Esp32\src\StackTrace\debug_helpers.h">
	  <Filter>src\StackTrace</Filter>
	</ClInclude>
	<ClInclude Include="Grbl_Esp32\src\Logging.h">
	  <Filter>src</Filter>
	</ClInclude>
	<ClInclude Include="Grbl_Esp32\src\Spindles\NullSpindle.h">
	  <Filter>src\Spindles</Filter>
	</ClInclude>
	<ClInclude Include="Grbl_Esp32\src\CoolantControl.h">
	  <Filter>src</Filter>
	</ClInclude>
	<ClInclude Include="Grbl_Esp32\src\Configuration\LegacySettingHandler.h">
	  <Filter>src\Configuration</Filter>
	</ClInclude>
	<ClInclude Include="Grbl_Esp32\src\Motors\TrinamicDriver.h">
	  <Filter>src\Motors</Filter>
	</ClInclude>
	<ClInclude Include="Grbl_Esp32\src\Machine\Axes.h">
	  <Filter>src\Machine</Filter>
	</ClInclude>
	<ClInclude Include="Grbl_Esp32\src\PinMapper.h">
	  <Filter>src</Filter>
	</ClInclude>
	<ClInclude Include="Grbl_Esp32\src\Motors\TrinamicUartDriver.h">
	  <Filter>src\Motors</Filter>
	</ClInclude>
	<ClInclude Include="Grbl_Esp32\src\Machine\Motor.h">
	  <Filter>src\Machine</Filter>
	</ClInclude>
	<ClInclude Include="Grbl_Esp32\src\Spindles\PWMSpindle.h">
	  <Filter>src\Spindles</Filter>
	</ClInclude>
	<ClInclude Include="Grbl_Esp32\src\I2SOut.h">
	  <Filter>src</Filter>
	</ClInclude>
	<ClInclude Include="Grbl_Esp32\src\Pins\PinOptionsParser.h">
	  <Filter>src\Pins</Filter>
	</ClInclude>
	<ClInclude Include="Grbl_Esp32\src\StepperPrivate.h">
	  <Filter>src</Filter>
	</ClInclude>
	<ClInclude Include="Grbl_Esp32\src\Configuration\LegacySettingRegistry.h">
	  <Filter>src\Configuration</Filter>
	</ClInclude>
	<ClInclude Include="Grbl_Esp32\src\Configuration\TokenState.h">
	  <Filter>src\Configuration</Filter>
	</ClInclude>
	<ClInclude Include="Grbl_Esp32\src\Pin.h">
	  <Filter>src</Filter>
	</ClInclude>
	<ClInclude Include="Grbl_Esp32\src\Spindles\H2ASpindle.h">
	  <Filter>src\Spindles</Filter>
	</ClInclude>
	<ClInclude Include="Grbl_Esp32\src\Motors\TrinamicBase.h">
	  <Filter>src\Motors</Filter>
	</ClInclude>
	<ClInclude Include="Grbl_Esp32\src\StringStream.h">
	  <Filter>src</Filter>
	</ClInclude>
	<ClInclude Include="Grbl_Esp32\src\Motors\Solenoid.h">
	  <Filter>src\Motors</Filter>
	</ClInclude>
	<ClInclude Include="Grbl_Esp32\src\WebUI\Serial2Socket.h">
	  <Filter>src\WebUI</Filter>
	</ClInclude>
	<ClInclude Include="Grbl_Esp32\src\Motors\StepStick.h">
	  <Filter>src\Motors</Filter>
	</ClInclude>
	<ClInclude Include="Grbl_Esp32\src\SpindleDatatypes.h">
	  <Filter>src</Filter>
	</ClInclude>
	<ClInclude Include="Grbl_Esp32\src\Pins\LedcPin.h">
	  <Filter>src\Pins</Filter>
	</ClInclude>
	<ClInclude Include="Grbl_Esp32\src\Configuration\JsonGenerator.h">
	  <Filter>src\Configuration</Filter>
	</ClInclude>
	<ClInclude Include="Grbl_Esp32\src\Motors\RcServo.h">
	  <Filter>src\Motors</Filter>
	</ClInclude>
	<ClInclude Include="Grbl_Esp32\src\Configuration\Tokenizer.h">
	  <Filter>src\Configuration</Filter>
	</ClInclude>
	<ClInclude Include="Grbl_Esp32\src\WebUI\NotificationsService.h">
	  <Filter>src\WebUI</Filter>
	</ClInclude>
	<ClInclude Include="Grbl_Esp32\src\MotionControl.h">
	  <Filter>src</Filter>
	</ClInclude>
	<ClInclude Include="Grbl_Esp32\src\SDCard.h">
	  <Filter>src</Filter>
	</ClInclude>
	<ClInclude Include="Grbl_Esp32\src\GCode.h">
	  <Filter>src</Filter>
	</ClInclude>
	<ClInclude Include="Grbl_Esp32\src\StringRange.h">
	  <Filter>src</Filter>
	</ClInclude>
	<ClInclude Include="Grbl_Esp32\src\Planner.h">
	  <Filter>src</Filter>
	</ClInclude>
	<ClInclude Include="Grbl_Esp32\src\SimpleOutputStream.h">
	  <Filter>src</Filter>
	</ClInclude>
	<ClInclude Include="Grbl_Esp32\src\Pins\VoidPinDetail.h">
	  <Filter>src\Pins</Filter>
	</ClInclude>
	<ClInclude Include="Grbl_Esp32\src\Configuration\Generator.h">
	  <Filter>src\Configuration</Filter>
	</ClInclude>
	<ClInclude Include="Grbl_Esp32\src\Motors\Servo.h">
	  <Filter>src\Motors</Filter>
	</ClInclude>
	<ClInclude Include="Grbl_Esp32\src\Regex.h">
	  <Filter>src</Filter>
	</ClInclude>
	<ClInclude Include="Grbl_Esp32\src\Configuration\HandlerBase.h">
	  <Filter>src\Configuration</Filter>
	</ClInclude>
	<ClInclude Include="Grbl_Esp32\src\Configuration\Configurable.h">
	  <Filter>src\Configuration</Filter>
	</ClInclude>
	<ClInclude Include="Grbl_Esp32\src\Machine\Communications.h">
	  <Filter>src\Machine</Filter>
	</ClInclude>
	<ClInclude Include="Grbl_Esp32\src\Spindles\10vSpindle.h">
	  <Filter>src\Spindles</Filter>
	</ClInclude>
	<ClInclude Include="Grbl_Esp32\src\Machine\WifiConfig.h">
	  <Filter>src\Machine</Filter>
	</ClInclude>
	<ClInclude Include="Grbl_Esp32\src\Spindles\VFDSpindle.h">
	  <Filter>src\Spindles</Filter>
	</ClInclude>
	<ClInclude Include="Grbl_Esp32\src\WebUI\InputBuffer.h">
	  <Filter>src\WebUI</Filter>
	</ClInclude>
	<ClInclude Include="Grbl_Esp32\src\Pins\ErrorPinDetail.h">
	  <Filter>src\Pins</Filter>
	</ClInclude>
	<ClInclude Include="Grbl_Esp32\src\Machine\LimitPin.h">
	  <Filter>src\Machine</Filter>
	</ClInclude>
	<ClInclude Include="Grbl_Esp32\src\WebUI\Authentication.h">
	  <Filter>src\WebUI</Filter>
	</ClInclude>
	<ClInclude Include="Grbl_Esp32\src\Report.h">
	  <Filter>src</Filter>
	</ClInclude>
	<ClInclude Include="Grbl_Esp32\src\WebUI\BTConfig.h">
	  <Filter>src\WebUI</Filter>
	</ClInclude>
	<ClInclude Include="Grbl_Esp32\src\Configuration\HandlerType.h">
	  <Filter>src\Configuration</Filter>
	</ClInclude>
	<ClInclude Include="Grbl_Esp32\src\Spindles\YL620Spindle.h">
	  <Filter>src\Spindles</Filter>
	</ClInclude>
</ItemGroup>
<ItemGroup>
	<ClCompile Include="Grbl_Esp32\src\Spindles\OnOffSpindle.cpp">
	  <Filter>src\Spindles</Filter>
	</ClCompile>
	<ClCompile Include="Grbl_Esp32\src\StackTrace\debug_helpers.cpp">
	  <Filter>src\StackTrace</Filter>
	</ClCompile>
	<ClCompile Include="Grbl_Esp32\src\PinUsers\PwmPin.cpp">
	  <Filter>src\PinUsers</Filter>
	</ClCompile>
	<ClCompile Include="Grbl_Esp32\src\Main.cpp">
	  <Filter>src</Filter>
	</ClCompile>
	<ClCompile Include="Grbl_Esp32\src\Pins\PinCapabilities.cpp">
	  <Filter>src\Pins</Filter>
	</ClCompile>
	<ClCompile Include="Grbl_Esp32\src\Machine\Axis.cpp">
	  <Filter>src\Machine</Filter>
	</ClCompile>
	<ClCompile Include="Grbl_Esp32\src\Motors\UnipolarMotor.cpp">
	  <Filter>src\Motors</Filter>
	</ClCompile>
	<ClCompile Include="Grbl_Esp32\src\Spindles\10vSpindle.cpp">
	  <Filter>src\Spindles</Filter>
	</ClCompile>
	<ClCompile Include="Grbl_Esp32\src\Motors\MotorDriver.cpp">
	  <Filter>src\Motors</Filter>
	</ClCompile>
	<ClCompile Include="Grbl_Esp32\src\GCode.cpp">
	  <Filter>src</Filter>
	</ClCompile>
	<ClCompile Include="Grbl_Esp32\src\Machine\I2SOBus.cpp">
	  <Filter>src\Machine</Filter>
	</ClCompile>
	<ClCompile Include="Grbl_Esp32\src\Pins\GPIOPinDetail.cpp">
	  <Filter>src\Pins</Filter>
	</ClCompile>
	<ClCompile Include="Grbl_Esp32\src\WebUI\JSONEncoder.cpp">
	  <Filter>src\WebUI</Filter>
	</ClCompile>
	<ClCompile Include="Grbl_Esp32\src\WebUI\WebSettings.cpp">
	  <Filter>src\WebUI</Filter>
	</ClCompile>
	<ClCompile Include="Grbl_Esp32\src\SimpleOutputStream.cpp">
	  <Filter>src</Filter>
	</ClCompile>
	<ClCompile Include="Grbl_Esp32\src\Jog.cpp">
	  <Filter>src</Filter>
	</ClCompile>
	<ClCompile Include="Grbl_Esp32\src\Error.cpp">
	  <Filter>src</Filter>
	</ClCompile>
	<ClCompile Include="Grbl_Esp32\src\Probe.cpp">
	  <Filter>src</Filter>
	</ClCompile>
	<ClCompile Include="Grbl_Esp32\src\Spindles\YL620Spindle.cpp">
	  <Filter>src\Spindles</Filter>
	</ClCompile>
	<ClCompile Include="Grbl_Esp32\src\WebUI\WifiServices.cpp">
	  <Filter>src\WebUI</Filter>
	</ClCompile>
	<ClCompile Include="Grbl_Esp32\src\Limits.cpp">
	  <Filter>src</Filter>
	</ClCompile>
	<ClCompile Include="Grbl_Esp32\src\Planner.cpp">
	  <Filter>src</Filter>
	</ClCompile>
	<ClCompile Include="Grbl_Esp32\src\Configuration\RuntimeSetting.cpp">
	  <Filter>src\Configuration</Filter>
	</ClCompile>
	<ClCompile Include="Grbl_Esp32\src\Spindles\RelaySpindle.cpp">
	  <Filter>src\Spindles</Filter>
	</ClCompile>
	<ClCompile Include="Grbl_Esp32\src\CoolantControl.cpp">
	  <Filter>src</Filter>
	</ClCompile>
	<ClCompile Include="Grbl_Esp32\src\WebUI\InputBuffer.cpp">
	  <Filter>src\WebUI</Filter>
	</ClCompile>
	<ClCompile Include="Grbl_Esp32\src\Motors\StandardStepper.cpp">
	  <Filter>src\Motors</Filter>
	</ClCompile>
	<ClCompile Include="Grbl_Esp32\src\Settings.cpp">
	  <Filter>src</Filter>
	</ClCompile>
	<ClCompile Include="Grbl_Esp32\src\Stepping.cpp">
	  <Filter>src</Filter>
	</ClCompile>
	<ClCompile Include="Grbl_Esp32\src\Spindles\DacSpindle.cpp">
	  <Filter>src\Spindles</Filter>
	</ClCompile>
	<ClCompile Include="Grbl_Esp32\src\Pins\PinDetail.cpp">
	  <Filter>src\Pins</Filter>
	</ClCompile>
	<ClCompile Include="Grbl_Esp32\src\Pin.cpp">
	  <Filter>src</Filter>
	</ClCompile>
	<ClCompile Include="Grbl_Esp32\src\Spindles\BESCSpindle.cpp">
	  <Filter>src\Spindles</Filter>
	</ClCompile>
	<ClCompile Include="Grbl_Esp32\src\Stepper.cpp">
	  <Filter>src</Filter>
	</ClCompile>
	<ClCompile Include="Grbl_Esp32\src\Machine\Motor.cpp">
	  <Filter>src\Machine</Filter>
	</ClCompile>
	<ClCompile Include="Grbl_Esp32\src\Motors\TrinamicDriver.cpp">
	  <Filter>src\Motors</Filter>
	</ClCompile>
	<ClCompile Include="Grbl_Esp32\src\Configuration\AfterParse.cpp">
	  <Filter>src\Configuration</Filter>
	</ClCompile>
	<ClCompile Include="Grbl_Esp32\src\Spindles\Spindle.cpp">
	  <Filter>src\Spindles</Filter>
	</ClCompile>
	<ClCompile Include="Grbl_Esp32\src\Configuration\LegacySettingRegistry.cpp">
	  <Filter>src\Configuration</Filter>
	</ClCompile>
	<ClCompile Include="Grbl_Esp32\src\CustomCode.cpp">
	  <Filter>src</Filter>
	</ClCompile>
	<ClCompile Include="Grbl_Esp32\src\Motors\Dynamixel2.cpp">
	  <Filter>src\Motors</Filter>
	</ClCompile>
	<ClCompile Include="Grbl_Esp32\src\WebUI\TelnetServer.cpp">
	  <Filter>src\WebUI</Filter>
	</ClCompile>
	<ClCompile Include="Grbl_Esp32\src\Pins\PinOptionsParser.cpp">
	  <Filter>src\Pins</Filter>
	</ClCompile>
	<ClCompile Include="Grbl_Esp32\src\Logging.cpp">
	  <Filter>src</Filter>
	</ClCompile>
	<ClCompile Include="Grbl_Esp32\src\WebUI\BTConfig.cpp">
	  <Filter>src\WebUI</Filter>
	</ClCompile>
	<ClCompile Include="Grbl_Esp32\src\StackTrace\AssertionFailed.cpp">
	  <Filter>src\StackTrace</Filter>
	</ClCompile>
	<ClCompile Include="Grbl_Esp32\src\Pins\VoidPinDetail.cpp">
	  <Filter>src\Pins</Filter>
	</ClCompile>
	<ClCompile Include="Grbl_Esp32\src\Configuration\Generator.cpp">
	  <Filter>src\Configuration</Filter>
	</ClCompile>
	<ClCompile Include="Grbl_Esp32\src\Motors\RcServo.cpp">
	  <Filter>src\Motors</Filter>
	</ClCompile>
	<ClCompile Include="Grbl_Esp32\src\Pins\I2SOPinDetail.cpp">
	  <Filter>src\Pins</Filter>
	</ClCompile>
	<ClCompile Include="Grbl_Esp32\src\Motors\TrinamicUartDriver.cpp">
	  <Filter>src\Motors</Filter>
	</ClCompile>
	<ClCompile Include="Grbl_Esp32\src\WebUI\Serial2Socket.cpp">
	  <Filter>src\WebUI</Filter>
	</ClCompile>
	<ClCompile Include="Grbl_Esp32\src\Machine\LimitPin.cpp">
	  <Filter>src\Machine</Filter>
	</ClCompile>
	<ClCompile Include="Grbl_Esp32\src\WebUI\Commands.cpp">
	  <Filter>src\WebUI</Filter>
	</ClCompile>
	<ClCompile Include="Grbl_Esp32\src\WebUI\WifiConfig.cpp">
	  <Filter>src\WebUI</Filter>
	</ClCompile>
	<ClCompile Include="Grbl_Esp32\src\Machine\UserOutputs.cpp">
	  <Filter>src\Machine</Filter>
	</ClCompile>
	<ClCompile Include="Grbl_Esp32\src\Uart.cpp">
	  <Filter>src</Filter>
	</ClCompile>
	<ClCompile Include="Grbl_Esp32\src\SDCard.cpp">
	  <Filter>src</Filter>
	</ClCompile>
	<ClCompile Include="Grbl_Esp32\src\Motors\TrinamicBase.cpp">
	  <Filter>src\Motors</Filter>
	</ClCompile>
	<ClCompile Include="Grbl_Esp32\src\Configuration\Parser.cpp">
	  <Filter>src\Configuration</Filter>
	</ClCompile>
	<ClCompile Include="Grbl_Esp32\src\Motors\StepStick.cpp">
	  <Filter>src\Motors</Filter>
	</ClCompile>
	<ClCompile Include="Grbl_Esp32\src\Regex.cpp">
	  <Filter>src</Filter>
	</ClCompile>
	<ClCompile Include="Grbl_Esp32\src\System.cpp">
	  <Filter>src</Filter>
	</ClCompile>
	<ClCompile Include="Grbl_Esp32\src\Pins\DebugPinDetail.cpp">
	  <Filter>src\Pins</Filter>
	</ClCompile>
	<ClCompile Include="Grbl_Esp32\src\Machine\Axes.cpp">
	  <Filter>src\Machine</Filter>
	</ClCompile>
	<ClCompile Include="Grbl_Esp32\src\ControlPin.cpp">
	  <Filter>src</Filter>
	</ClCompile>
	<ClCompile Include="Grbl_Esp32\src\Motors\NullMotor.cpp">
	  <Filter>src\Motors</Filter>
	</ClCompile>
	<ClCompile Include="Grbl_Esp32\src\Spindles\VFDSpindle.cpp">
	  <Filter>src\Spindles</Filter>
	</ClCompile>
	<ClCompile Include="Grbl_Esp32\src\ProcessSettings.cpp">
	  <Filter>src</Filter>
	</ClCompile>
	<ClCompile Include="Grbl_Esp32\src\Serial.cpp">
	  <Filter>src</Filter>
	</ClCompile>
	<ClCompile Include="Grbl_Esp32\src\Control.cpp">
	  <Filter>src</Filter>
	</ClCompile>
	<ClCompile Include="Grbl_Esp32\src\Configuration\Validator.cpp">
	  <Filter>src\Configuration</Filter>
	</ClCompile>
	<ClCompile Include="Grbl_Esp32\src\NutsBolts.cpp">
	  <Filter>src</Filter>
	</ClCompile>
	<ClCompile Include="Grbl_Esp32\src\WebUI\WebServer.cpp">
	  <Filter>src\WebUI</Filter>
	</ClCompile>
	<ClCompile Include="Grbl_Esp32\src\MotionControl.cpp">
	  <Filter>src</Filter>
	</ClCompile>
	<ClCompile Include="Grbl_Esp32\src\Pins\LedcPin.cpp">
	  <Filter>src\Pins</Filter>
	</ClCompile>
	<ClCompile Include="Grbl_Esp32\src\Spindles\HuanyangSpindle.cpp">
	  <Filter>src\Spindles</Filter>
	</ClCompile>
	<ClCompile Include="Grbl_Esp32\src\PinMapper.cpp">
	  <Filter>src</Filter>
	</ClCompile>
	<ClCompile Include="Grbl_Esp32\src\Spindles\Laser.cpp">
	  <Filter>src\Spindles</Filter>
	</ClCompile>
	<ClCompile Include="Grbl_Esp32\src\Machine\SPIBus.cpp">
	  <Filter>src\Machine</Filter>
	</ClCompile>
	<ClCompile Include="Grbl_Esp32\src\Configuration\JsonGenerator.cpp">
	  <Filter>src\Configuration</Filter>
	</ClCompile>
	<ClCompile Include="Grbl_Esp32\src\Configuration\Tokenizer.cpp">
	  <Filter>src\Configuration</Filter>
	</ClCompile>
	<ClCompile Include="Grbl_Esp32\src\Pins\ErrorPinDetail.cpp">
	  <Filter>src\Pins</Filter>
	</ClCompile>
	<ClCompile Include="Grbl_Esp32\src\Spindles\NullSpindle.cpp">
	  <Filter>src\Spindles</Filter>
	</ClCompile>
	<ClCompile Include="Grbl_Esp32\src\WebUI\Authentication.cpp">
	  <Filter>src\WebUI</Filter>
	</ClCompile>
	<ClCompile Include="Grbl_Esp32\src\I2SOut.cpp">
	  <Filter>src</Filter>
	</ClCompile>
	<ClCompile Include="Grbl_Esp32\src\Spindles\PWMSpindle.cpp">
	  <Filter>src\Spindles</Filter>
	</ClCompile>
	<ClCompile Include="Grbl_Esp32\src\WebUI\ESPResponse.cpp">
	  <Filter>src\WebUI</Filter>
	</ClCompile>
	<ClCompile Include="Grbl_Esp32\src\Spindles\H2ASpindle.cpp">
	  <Filter>src\Spindles</Filter>
	</ClCompile>
	<ClCompile Include="Grbl_Esp32\src\Protocol.cpp">
	  <Filter>src</Filter>
	</ClCompile>
	<ClCompile Include="Grbl_Esp32\src\Pins\PinAttributes.cpp">
	  <Filter>src\Pins</Filter>
	</ClCompile>
	<ClCompile Include="Grbl_Esp32\src\Report.cpp">
	  <Filter>src</Filter>
	</ClCompile>
	<ClCompile Include="Grbl_Esp32\src\WebUI\NotificationsService.cpp">
	  <Filter>src\WebUI</Filter>
	</ClCompile>
	<ClCompile Include="Grbl_Esp32\src\Motors\Servo.cpp">
	  <Filter>src\Motors</Filter>
	</ClCompile>
	<ClCompile Include="Grbl_Esp32\src\UserOutput.cpp">
	  <Filter>src</Filter>
	</ClCompile>
	<ClCompile Include="Grbl_Esp32\src\Machine\Homing.cpp">
	  <Filter>src\Machine</Filter>
	</ClCompile>
	<ClCompile Include="Grbl_Esp32\src\SettingsDefinitions.cpp">
	  <Filter>src</Filter>
	</ClCompile>
	<ClCompile Include="Grbl_Esp32\src\Machine\MachineConfig.cpp">
	  <Filter>src\Machine</Filter>
	</ClCompile>
</ItemGroup>
<ItemGroup>
	<None Include="Grbl_Esp32\src\Configuration\_Overview.md">
	  <Filter>src\Configuration</Filter>
	</None>
	<None Include="Grbl_Esp32\src\Configuration\ConfigurationHandlers.md">
	  <Filter>src\Configuration</Filter>
	</None>
	<None Include="Grbl_Esp32\src\user_io.md">
	  <Filter>src</Filter>
	</None>
	<None Include="Grbl_Esp32\src\Spindles\H2ASpindle.md">
	  <Filter>src\Spindles</Filter>
	</None>
	<None Include="Grbl_Esp32\src\SimpleOutputStream.md">
	  <Filter>src</Filter>
	</None>
	<None Include="Grbl_Esp32\src\Configuration\GenericFactory.md">
	  <Filter>src\Configuration</Filter>
	</None>
	<None Include="Grbl_Esp32\src\Stepper.md">
	  <Filter>src</Filter>
	</None>
	<None Include="Grbl_Esp32\src\Motors\Dynamixel2.md">
	  <Filter>src\Motors</Filter>
	</None>
	<None Include="Grbl_Esp32\src\Configuration\Parser.md">
	  <Filter>src\Configuration</Filter>
	</None>
</ItemGroup>
</Project>